
Microsoft Visual Studio Solution File, Format Version 12.00
# Visual Studio 15
Project("{FAE04EC0-301F-11D3-BF4B-00C04F79EFBC}") = "Assembly-CSharp", "Assembly-CSharp.csproj", "{763D92AC-094C-4C14-13E9-2996FF4ABF83}"
EndProject
Project("{FAE04EC0-301F-11D3-BF4B-00C04F79EFBC}") = "Assembly-CSharp-Editor", "Assembly-CSharp-Editor.csproj", "{07A4E658-4A9D-21A4-3F2D-CFD0E55CB428}"
EndProject
Global
	GlobalSection(SolutionConfigurationPlatforms) = preSolution
		Debug|Any CPU = Debug|Any CPU
		Release|Any CPU = Release|Any CPU
	EndGlobalSection
	GlobalSection(ProjectConfigurationPlatforms) = postSolution
		{763D92AC-094C-4C14-13E9-2996FF4ABF83}.Debug|Any CPU.ActiveCfg = Debug|Any CPU
		{763D92AC-094C-4C14-13E9-2996FF4ABF83}.Debug|Any CPU.Build.0 = Debug|Any CPU
		{763D92AC-094C-4C14-13E9-2996FF4ABF83}.Release|Any CPU.ActiveCfg = Release|Any CPU
		{763D92AC-094C-4C14-13E9-2996FF4ABF83}.Release|Any CPU.Build.0 = Release|Any CPU
		{07A4E658-4A9D-21A4-3F2D-CFD0E55CB428}.Debug|Any CPU.ActiveCfg = Debug|Any CPU
		{07A4E658-4A9D-21A4-3F2D-CFD0E55CB428}.Debug|Any CPU.Build.0 = Debug|Any CPU
		{07A4E658-4A9D-21A4-3F2D-CFD0E55CB428}.Release|Any CPU.ActiveCfg = Release|Any CPU
		{07A4E658-4A9D-21A4-3F2D-CFD0E55CB428}.Release|Any CPU.Build.0 = Release|Any CPU
	EndGlobalSection
	GlobalSection(SolutionProperties) = preSolution
		HideSolutionNode = FALSE
	EndGlobalSection
EndGlobal
